{
  "nodes": {
    "nim-checksums": {
      "flake": false,
      "locked": {
        "lastModified": 1784606006,
        "narHash": "sha256-JDOEWn6jE7husF3Rgz2mH9f9TYeTNzaCQRRWHaX/n9Q=",
        "owner": "nim-lang",
        "repo": "checksums",
        "rev": "f58b22377f26d30a89bfbbf1d8a412e20464557d",
        "type": "github"
      },
      "original": {
        "owner": "nim-lang",
        "repo": "checksums",
        "type": "github"
      }
    },
    "nim-csources": {
      "flake": false,
      "locked": {
        "lastModified": 1762688095,
        "narHash": "sha256-pTcm2y+HDOuTol8DyoJMOMHsUA6QrgwGdfcOu1NX4PU=",
        "owner": "nim-lang",
        "repo": "csources_v3",
        "rev": "eeab3ac46e93f10efda8e58c4db02b9438319d71",
        "type": "github"
      },
      "original": {
        "owner": "nim-lang",
        "repo": "csources_v3",
        "type": "github"
      }
    },
    "nim-flake": {
      "inputs": {
        "nim-checksums": "nim-checksums",
        "nim-csources": "nim-csources",
        "nim-src": "nim-src",
        "nimony-src": "nimony-src",
        "nixpkgs": "nixpkgs"
      },
      "locked": {
        "lastModified": 1786853915,
        "narHash": "sha256-Wy+vbDbdsezrPVgLbc1W1EgTnr+XlfM50xqCdxILM3I=",
        "ref": "refs/heads/main",
        "rev": "c01a9e3cee84ff3582dc574389772e018730107c",
        "revCount": 2,
        "type": "git",
        "url": "https://codeberg.org/skulk/nim-flake.git"
      },
      "original": {
        "type": "git",
        "url": "https://codeberg.org/skulk/nim-flake.git"
      }
    },
    "nim-src": {
      "flake": false,
      "locked": {
        "lastModified": 1786773073,
        "narHash": "sha256-KSDE1fFZAdjj5dpZApTRFUWSOEoiPhNa+JteyAvTMEg=",
        "owner": "nim-lang",
        "repo": "Nim",
        "rev": "16920b56d141680cc347020c536ee17158ad3e59",
        "type": "github"
      },
      "original": {
        "owner": "nim-lang",
        "ref": "devel",
        "repo": "Nim",
        "type": "github"
      }
    },
    "nimony-src": {
      "flake": false,
      "locked": {
        "lastModified": 1786728674,
        "narHash": "sha256-yH9eMNEn+KKNTKUZZrRcWp8LuVwSwHfziSg6yyI5EWE=",
        "ref": "refs/heads/master",
        "rev": "27665f035cd5e819b40ec55eba6961dd9ba643b8",
        "revCount": 1720,
        "submodules": true,
        "type": "git",
        "url": "https://github.com/nim-lang/nimony.git"
      },
      "original": {
        "submodules": true,
        "type": "git",
        "url": "https://github.com/nim-lang/nimony.git"
      }
    },
    "nixpkgs": {
      "locked": {
        "lastModified": 1786599213,
        "narHash": "sha256-yNJd40f11EzXBjSByCB7IPpeFFAdeoSKKM67dGkfFoU=",
        "owner": "nixos",
        "repo": "nixpkgs",
        "rev": "0e251e24a4f24e036a084b6b4b2d2491af4167f4",
        "type": "github"
      },
      "original": {
        "owner": "nixos",
        "ref": "nixos-unstable",
        "repo": "nixpkgs",
        "type": "github"
      }
    },
    "nixpkgs_2": {
      "locked": {
        "lastModified": 1786719841,
        "narHash": "sha256-QcpQOT0NQEFkI77t+YXPZqDJc35iIodG7zinieOwFUg=",
        "owner": "nixos",
        "repo": "nixpkgs",
        "rev": "8be7bd0c83f12e2e3bbba07c9044d6fed9e66f7f",
        "type": "github"
      },
      "original": {
        "owner": "nixos",
        "ref": "nixpkgs-unstable",
        "repo": "nixpkgs",
        "type": "github"
      }
    },
    "root": {
      "inputs": {
        "nim-flake": "nim-flake",
        "nixpkgs": "nixpkgs_2"
      }
    }
  },
  "root": "root",
  "version": 7
}
